// !$*UTF8*$!
{
	archiveVersion = 1;
	classes = {
	};
	objectVersion = 46;
	objects = {

/* Begin PBXBuildFile section */
		121263281E13A82000FEA347 /* ArrayExtensions.swift in Sources */ = {isa = PBXBuildFile; fileRef = 1212630B1E13A82000FEA347 /* ArrayExtensions.swift */; };
		121263291E13A82000FEA347 /* CGFloatExtensions.swift in Sources */ = {isa = PBXBuildFile; fileRef = 1212630C1E13A82000FEA347 /* CGFloatExtensions.swift */; };
		1212632A1E13A82000FEA347 /* CGSizeExtensions.swift in Sources */ = {isa = PBXBuildFile; fileRef = 1212630D1E13A82000FEA347 /* CGSizeExtensions.swift */; };
		1212632B1E13A82000FEA347 /* CharacterExtensions.swift in Sources */ = {isa = PBXBuildFile; fileRef = 1212630E1E13A82000FEA347 /* CharacterExtensions.swift */; };
		1212632C1E13A82000FEA347 /* ConvenienceExtensions.swift in Sources */ = {isa = PBXBuildFile; fileRef = 1212630F1E13A82000FEA347 /* ConvenienceExtensions.swift */; };
		1212632D1E13A82000FEA347 /* DateExtensions.swift in Sources */ = {isa = PBXBuildFile; fileRef = 121263101E13A82000FEA347 /* DateExtensions.swift */; };
		1212632E1E13A82000FEA347 /* DictionaryExtensions.swift in Sources */ = {isa = PBXBuildFile; fileRef = 121263111E13A82000FEA347 /* DictionaryExtensions.swift */; };
		1212632F1E13A82000FEA347 /* DoubleExtensions.swift in Sources */ = {isa = PBXBuildFile; fileRef = 121263121E13A82000FEA347 /* DoubleExtensions.swift */; };
		121263301E13A82000FEA347 /* FloatExtensions.swift in Sources */ = {isa = PBXBuildFile; fileRef = 121263131E13A82000FEA347 /* FloatExtensions.swift */; };
		121263311E13A82000FEA347 /* IntExtensions.swift in Sources */ = {isa = PBXBuildFile; fileRef = 121263141E13A82000FEA347 /* IntExtensions.swift */; };
		121263321E13A82000FEA347 /* StringExtensions.swift in Sources */ = {isa = PBXBuildFile; fileRef = 121263151E13A82000FEA347 /* StringExtensions.swift */; };
		121263331E13A82000FEA347 /* UIAlertControllerExtensions.swift in Sources */ = {isa = PBXBuildFile; fileRef = 121263161E13A82000FEA347 /* UIAlertControllerExtensions.swift */; };
		121263341E13A82000FEA347 /* UIButtonExtensions.swift in Sources */ = {isa = PBXBuildFile; fileRef = 121263171E13A82000FEA347 /* UIButtonExtensions.swift */; };
		121263351E13A82000FEA347 /* UIColorExtensions.swift in Sources */ = {isa = PBXBuildFile; fileRef = 121263181E13A82000FEA347 /* UIColorExtensions.swift */; };
		121263361E13A82000FEA347 /* UIImageExtensions.swift in Sources */ = {isa = PBXBuildFile; fileRef = 121263191E13A82000FEA347 /* UIImageExtensions.swift */; };
		121263371E13A82000FEA347 /* UIImageViewExtensions.swift in Sources */ = {isa = PBXBuildFile; fileRef = 1212631A1E13A82000FEA347 /* UIImageViewExtensions.swift */; };
		121263381E13A82000FEA347 /* UILabelExtensions.swift in Sources */ = {isa = PBXBuildFile; fileRef = 1212631B1E13A82000FEA347 /* UILabelExtensions.swift */; };
		121263391E13A82000FEA347 /* UINavigationBarExtensions.swift in Sources */ = {isa = PBXBuildFile; fileRef = 1212631C1E13A82000FEA347 /* UINavigationBarExtensions.swift */; };
		1212633A1E13A82000FEA347 /* UINavigationControllerExtensions.swift in Sources */ = {isa = PBXBuildFile; fileRef = 1212631D1E13A82000FEA347 /* UINavigationControllerExtensions.swift */; };
		1212633B1E13A82000FEA347 /* UINavigationItemExtensions.swift in Sources */ = {isa = PBXBuildFile; fileRef = 1212631E1E13A82000FEA347 /* UINavigationItemExtensions.swift */; };
		1212633C1E13A82000FEA347 /* UISearchBarExtensions.swift in Sources */ = {isa = PBXBuildFile; fileRef = 1212631F1E13A82000FEA347 /* UISearchBarExtensions.swift */; };
		1212633D1E13A82000FEA347 /* UISegmentedControlExtensions.swift in Sources */ = {isa = PBXBuildFile; fileRef = 121263201E13A82000FEA347 /* UISegmentedControlExtensions.swift */; };
		1212633E1E13A82000FEA347 /* UISliderExtensions.swift in Sources */ = {isa = PBXBuildFile; fileRef = 121263211E13A82000FEA347 /* UISliderExtensions.swift */; };
		1212633F1E13A82000FEA347 /* UITabBarExtensions.swift in Sources */ = {isa = PBXBuildFile; fileRef = 121263221E13A82000FEA347 /* UITabBarExtensions.swift */; };
		121263401E13A82000FEA347 /* UITableViewExtensions.swift in Sources */ = {isa = PBXBuildFile; fileRef = 121263231E13A82000FEA347 /* UITableViewExtensions.swift */; };
		121263411E13A82000FEA347 /* UITextFieldExtensions.swift in Sources */ = {isa = PBXBuildFile; fileRef = 121263241E13A82000FEA347 /* UITextFieldExtensions.swift */; };
		121263421E13A82000FEA347 /* UITextViewExtensions.swift in Sources */ = {isa = PBXBuildFile; fileRef = 121263251E13A82000FEA347 /* UITextViewExtensions.swift */; };
		121263431E13A82000FEA347 /* UIViewControllerExtensions.swift in Sources */ = {isa = PBXBuildFile; fileRef = 121263261E13A82000FEA347 /* UIViewControllerExtensions.swift */; };
		121263441E13A82000FEA347 /* UIViewExtensions.swift in Sources */ = {isa = PBXBuildFile; fileRef = 121263271E13A82000FEA347 /* UIViewExtensions.swift */; };
		121263461E1422BA00FEA347 /* InceViewExtension.swift in Sources */ = {isa = PBXBuildFile; fileRef = 121263451E1422BA00FEA347 /* InceViewExtension.swift */; };
		1245D7E21E0BBFA60000D01F /* ICNavigationController.swift in Sources */ = {isa = PBXBuildFile; fileRef = 1245D7E11E0BBFA60000D01F /* ICNavigationController.swift */; };
		1245D7E61E0BC7890000D01F /* UINavigationControllerExtension.swift in Sources */ = {isa = PBXBuildFile; fileRef = 1245D7E51E0BC7890000D01F /* UINavigationControllerExtension.swift */; };
		12B8179A1E1B8DA200FD2CC1 /* libsqlite3.tbd in Frameworks */ = {isa = PBXBuildFile; fileRef = 12B817991E1B8DA200FD2CC1 /* libsqlite3.tbd */; };
		12C8C6431DF6BABC009B82D6 /* Assets.xcassets in Resources */ = {isa = PBXBuildFile; fileRef = 12C8C6421DF6BABC009B82D6 /* Assets.xcassets */; };
		12C8C6461DF6BABC009B82D6 /* LaunchScreen.storyboard in Resources */ = {isa = PBXBuildFile; fileRef = 12C8C6441DF6BABC009B82D6 /* LaunchScreen.storyboard */; };
		12C8C6511DF6BABC009B82D6 /* inceptionTests.swift in Sources */ = {isa = PBXBuildFile; fileRef = 12C8C6501DF6BABC009B82D6 /* inceptionTests.swift */; };
		12C8C65C1DF6BABC009B82D6 /* inceptionUITests.swift in Sources */ = {isa = PBXBuildFile; fileRef = 12C8C65B1DF6BABC009B82D6 /* inceptionUITests.swift */; };
		12C8C66D1DF6BCD8009B82D6 /* AppDelegate.swift in Sources */ = {isa = PBXBuildFile; fileRef = 12C8C66C1DF6BCD8009B82D6 /* AppDelegate.swift */; };
		12C8C6761DF7E6BB009B82D6 /* ConstantsFile.swift in Sources */ = {isa = PBXBuildFile; fileRef = 12C8C6751DF7E6BB009B82D6 /* ConstantsFile.swift */; };
		12C8C6A01DF7E991009B82D6 /* Extensions.swift in Sources */ = {isa = PBXBuildFile; fileRef = 12C8C6931DF7E991009B82D6 /* Extensions.swift */; };
		12C8C6A11DF7E991009B82D6 /* LockArchive.swift in Sources */ = {isa = PBXBuildFile; fileRef = 12C8C6941DF7E991009B82D6 /* LockArchive.swift */; };
		12C8C6A21DF7E991009B82D6 /* LockCenter.swift in Sources */ = {isa = PBXBuildFile; fileRef = 12C8C6951DF7E991009B82D6 /* LockCenter.swift */; };
		12C8C6A31DF7E991009B82D6 /* LockConstants.swift in Sources */ = {isa = PBXBuildFile; fileRef = 12C8C6961DF7E991009B82D6 /* LockConstants.swift */; };
		12C8C6A41DF7E991009B82D6 /* LockController.swift in Sources */ = {isa = PBXBuildFile; fileRef = 12C8C6971DF7E991009B82D6 /* LockController.swift */; };
		12C8C6A51DF7E991009B82D6 /* LockDataSource.swift in Sources */ = {isa = PBXBuildFile; fileRef = 12C8C6981DF7E991009B82D6 /* LockDataSource.swift */; };
		12C8C6A61DF7E991009B82D6 /* LockDelegate.swift in Sources */ = {isa = PBXBuildFile; fileRef = 12C8C6991DF7E991009B82D6 /* LockDelegate.swift */; };
		12C8C6A71DF7E991009B82D6 /* LockInfoView.swift in Sources */ = {isa = PBXBuildFile; fileRef = 12C8C69A1DF7E991009B82D6 /* LockInfoView.swift */; };
		12C8C6A81DF7E991009B82D6 /* LockItemView.swift in Sources */ = {isa = PBXBuildFile; fileRef = 12C8C69B1DF7E991009B82D6 /* LockItemView.swift */; };
		12C8C6A91DF7E991009B82D6 /* LockLabel.swift in Sources */ = {isa = PBXBuildFile; fileRef = 12C8C69C1DF7E991009B82D6 /* LockLabel.swift */; };
		12C8C6AA1DF7E991009B82D6 /* LockMainNav.swift in Sources */ = {isa = PBXBuildFile; fileRef = 12C8C69D1DF7E991009B82D6 /* LockMainNav.swift */; };
		12C8C6AB1DF7E991009B82D6 /* LockOptions.swift in Sources */ = {isa = PBXBuildFile; fileRef = 12C8C69E1DF7E991009B82D6 /* LockOptions.swift */; };
		12C8C6AC1DF7E991009B82D6 /* LockView.swift in Sources */ = {isa = PBXBuildFile; fileRef = 12C8C69F1DF7E991009B82D6 /* LockView.swift */; };
		12C8C6AE1DF7F04C009B82D6 /* MainViewController.swift in Sources */ = {isa = PBXBuildFile; fileRef = 12C8C6AD1DF7F04C009B82D6 /* MainViewController.swift */; };
		12C8C6B31DF7F150009B82D6 /* DocumentViewController.swift in Sources */ = {isa = PBXBuildFile; fileRef = 12C8C6B21DF7F150009B82D6 /* DocumentViewController.swift */; };
		12C8C6B51DF7F16D009B82D6 /* PhotosViewController.swift in Sources */ = {isa = PBXBuildFile; fileRef = 12C8C6B41DF7F16D009B82D6 /* PhotosViewController.swift */; };
		12C8C6B71DF7F179009B82D6 /* VideosViewController.swift in Sources */ = {isa = PBXBuildFile; fileRef = 12C8C6B61DF7F179009B82D6 /* VideosViewController.swift */; };
		12C8C6B91DF7F183009B82D6 /* SettingViewController.swift in Sources */ = {isa = PBXBuildFile; fileRef = 12C8C6B81DF7F183009B82D6 /* SettingViewController.swift */; };
		12C8C6BC1DF963FE009B82D6 /* LockSetViewController.swift in Sources */ = {isa = PBXBuildFile; fileRef = 12C8C6BB1DF963FE009B82D6 /* LockSetViewController.swift */; };
		4DCC1B4BCBB907287F67F3C3 /* Pods_inception.framework in Frameworks */ = {isa = PBXBuildFile; fileRef = F1E41304F5A7A97BB9FACF51 /* Pods_inception.framework */; };
/* End PBXBuildFile section */

/* Begin PBXContainerItemProxy section */
		12C8C64D1DF6BABC009B82D6 /* PBXContainerItemProxy */ = {
			isa = PBXContainerItemProxy;
			containerPortal = 12C8C6301DF6BABC009B82D6 /* Project object */;
			proxyType = 1;
			remoteGlobalIDString = 12C8C6371DF6BABC009B82D6;
			remoteInfo = inception;
		};
		12C8C6581DF6BABC009B82D6 /* PBXContainerItemProxy */ = {
			isa = PBXContainerItemProxy;
			containerPortal = 12C8C6301DF6BABC009B82D6 /* Project object */;
			proxyType = 1;
			remoteGlobalIDString = 12C8C6371DF6BABC009B82D6;
			remoteInfo = inception;
		};
/* End PBXContainerItemProxy section */

/* Begin PBXFileReference section */
		1212630B1E13A82000FEA347 /* ArrayExtensions.swift */ = {isa = PBXFileReference; fileEncoding = 4; lastKnownFileType = sourcecode.swift; path = ArrayExtensions.swift; sourceTree = "<group>"; };
		1212630C1E13A82000FEA347 /* CGFloatExtensions.swift */ = {isa = PBXFileReference; fileEncoding = 4; lastKnownFileType = sourcecode.swift; path = CGFloatExtensions.swift; sourceTree = "<group>"; };
		1212630D1E13A82000FEA347 /* CGSizeExtensions.swift */ = {isa = PBXFileReference; fileEncoding = 4; lastKnownFileType = sourcecode.swift; path = CGSizeExtensions.swift; sourceTree = "<group>"; };
		1212630E1E13A82000FEA347 /* CharacterExtensions.swift */ = {isa = PBXFileReference; fileEncoding = 4; lastKnownFileType = sourcecode.swift; path = CharacterExtensions.swift; sourceTree = "<group>"; };
		1212630F1E13A82000FEA347 /* ConvenienceExtensions.swift */ = {isa = PBXFileReference; fileEncoding = 4; lastKnownFileType = sourcecode.swift; path = ConvenienceExtensions.swift; sourceTree = "<group>"; };
		121263101E13A82000FEA347 /* DateExtensions.swift */ = {isa = PBXFileReference; fileEncoding = 4; lastKnownFileType = sourcecode.swift; path = DateExtensions.swift; sourceTree = "<group>"; };
		121263111E13A82000FEA347 /* DictionaryExtensions.swift */ = {isa = PBXFileReference; fileEncoding = 4; lastKnownFileType = sourcecode.swift; path = DictionaryExtensions.swift; sourceTree = "<group>"; };
		121263121E13A82000FEA347 /* DoubleExtensions.swift */ = {isa = PBXFileReference; fileEncoding = 4; lastKnownFileType = sourcecode.swift; path = DoubleExtensions.swift; sourceTree = "<group>"; };
		121263131E13A82000FEA347 /* FloatExtensions.swift */ = {isa = PBXFileReference; fileEncoding = 4; lastKnownFileType = sourcecode.swift; path = FloatExtensions.swift; sourceTree = "<group>"; };
		121263141E13A82000FEA347 /* IntExtensions.swift */ = {isa = PBXFileReference; fileEncoding = 4; lastKnownFileType = sourcecode.swift; path = IntExtensions.swift; sourceTree = "<group>"; };
		121263151E13A82000FEA347 /* StringExtensions.swift */ = {isa = PBXFileReference; fileEncoding = 4; lastKnownFileType = sourcecode.swift; path = StringExtensions.swift; sourceTree = "<group>"; };
		121263161E13A82000FEA347 /* UIAlertControllerExtensions.swift */ = {isa = PBXFileReference; fileEncoding = 4; lastKnownFileType = sourcecode.swift; path = UIAlertControllerExtensions.swift; sourceTree = "<group>"; };
		121263171E13A82000FEA347 /* UIButtonExtensions.swift */ = {isa = PBXFileReference; fileEncoding = 4; lastKnownFileType = sourcecode.swift; path = UIButtonExtensions.swift; sourceTree = "<group>"; };
		121263181E13A82000FEA347 /* UIColorExtensions.swift */ = {isa = PBXFileReference; fileEncoding = 4; lastKnownFileType = sourcecode.swift; path = UIColorExtensions.swift; sourceTree = "<group>"; };
		121263191E13A82000FEA347 /* UIImageExtensions.swift */ = {isa = PBXFileReference; fileEncoding = 4; lastKnownFileType = sourcecode.swift; path = UIImageExtensions.swift; sourceTree = "<group>"; };
		1212631A1E13A82000FEA347 /* UIImageViewExtensions.swift */ = {isa = PBXFileReference; fileEncoding = 4; lastKnownFileType = sourcecode.swift; path = UIImageViewExtensions.swift; sourceTree = "<group>"; };
		1212631B1E13A82000FEA347 /* UILabelExtensions.swift */ = {isa = PBXFileReference; fileEncoding = 4; lastKnownFileType = sourcecode.swift; path = UILabelExtensions.swift; sourceTree = "<group>"; };
		1212631C1E13A82000FEA347 /* UINavigationBarExtensions.swift */ = {isa = PBXFileReference; fileEncoding = 4; lastKnownFileType = sourcecode.swift; path = UINavigationBarExtensions.swift; sourceTree = "<group>"; };
		1212631D1E13A82000FEA347 /* UINavigationControllerExtensions.swift */ = {isa = PBXFileReference; fileEncoding = 4; lastKnownFileType = sourcecode.swift; path = UINavigationControllerExtensions.swift; sourceTree = "<group>"; };
		1212631E1E13A82000FEA347 /* UINavigationItemExtensions.swift */ = {isa = PBXFileReference; fileEncoding = 4; lastKnownFileType = sourcecode.swift; path = UINavigationItemExtensions.swift; sourceTree = "<group>"; };
		1212631F1E13A82000FEA347 /* UISearchBarExtensions.swift */ = {isa = PBXFileReference; fileEncoding = 4; lastKnownFileType = sourcecode.swift; path = UISearchBarExtensions.swift; sourceTree = "<group>"; };
		121263201E13A82000FEA347 /* UISegmentedControlExtensions.swift */ = {isa = PBXFileReference; fileEncoding = 4; lastKnownFileType = sourcecode.swift; path = UISegmentedControlExtensions.swift; sourceTree = "<group>"; };
		121263211E13A82000FEA347 /* UISliderExtensions.swift */ = {isa = PBXFileReference; fileEncoding = 4; lastKnownFileType = sourcecode.swift; path = UISliderExtensions.swift; sourceTree = "<group>"; };
		121263221E13A82000FEA347 /* UITabBarExtensions.swift */ = {isa = PBXFileReference; fileEncoding = 4; lastKnownFileType = sourcecode.swift; path = UITabBarExtensions.swift; sourceTree = "<group>"; };
		121263231E13A82000FEA347 /* UITableViewExtensions.swift */ = {isa = PBXFileReference; fileEncoding = 4; lastKnownFileType = sourcecode.swift; path = UITableViewExtensions.swift; sourceTree = "<group>"; };
		121263241E13A82000FEA347 /* UITextFieldExtensions.swift */ = {isa = PBXFileReference; fileEncoding = 4; lastKnownFileType = sourcecode.swift; path = UITextFieldExtensions.swift; sourceTree = "<group>"; };
		121263251E13A82000FEA347 /* UITextViewExtensions.swift */ = {isa = PBXFileReference; fileEncoding = 4; lastKnownFileType = sourcecode.swift; path = UITextViewExtensions.swift; sourceTree = "<group>"; };
		121263261E13A82000FEA347 /* UIViewControllerExtensions.swift */ = {isa = PBXFileReference; fileEncoding = 4; lastKnownFileType = sourcecode.swift; path = UIViewControllerExtensions.swift; sourceTree = "<group>"; };
		121263271E13A82000FEA347 /* UIViewExtensions.swift */ = {isa = PBXFileReference; fileEncoding = 4; lastKnownFileType = sourcecode.swift; path = UIViewExtensions.swift; sourceTree = "<group>"; };
		121263451E1422BA00FEA347 /* InceViewExtension.swift */ = {isa = PBXFileReference; fileEncoding = 4; lastKnownFileType = sourcecode.swift; path = InceViewExtension.swift; sourceTree = "<group>"; };
		1245D7E11E0BBFA60000D01F /* ICNavigationController.swift */ = {isa = PBXFileReference; fileEncoding = 4; lastKnownFileType = sourcecode.swift; path = ICNavigationController.swift; sourceTree = "<group>"; };
		1245D7E51E0BC7890000D01F /* UINavigationControllerExtension.swift */ = {isa = PBXFileReference; fileEncoding = 4; lastKnownFileType = sourcecode.swift; path = UINavigationControllerExtension.swift; sourceTree = "<group>"; };
		12B817991E1B8DA200FD2CC1 /* libsqlite3.tbd */ = {isa = PBXFileReference; lastKnownFileType = "sourcecode.text-based-dylib-definition"; name = libsqlite3.tbd; path = usr/lib/libsqlite3.tbd; sourceTree = SDKROOT; };
		12C8C6381DF6BABC009B82D6 /* inception.app */ = {isa = PBXFileReference; explicitFileType = wrapper.application; includeInIndex = 0; path = inception.app; sourceTree = BUILT_PRODUCTS_DIR; };
		12C8C6421DF6BABC009B82D6 /* Assets.xcassets */ = {isa = PBXFileReference; lastKnownFileType = folder.assetcatalog; path = Assets.xcassets; sourceTree = "<group>"; };
		12C8C6451DF6BABC009B82D6 /* Base */ = {isa = PBXFileReference; lastKnownFileType = file.storyboard; name = Base; path = Base.lproj/LaunchScreen.storyboard; sourceTree = "<group>"; };
		12C8C6471DF6BABC009B82D6 /* Info.plist */ = {isa = PBXFileReference; lastKnownFileType = text.plist.xml; path = Info.plist; sourceTree = "<group>"; };
		12C8C64C1DF6BABC009B82D6 /* inceptionTests.xctest */ = {isa = PBXFileReference; explicitFileType = wrapper.cfbundle; includeInIndex = 0; path = inceptionTests.xctest; sourceTree = BUILT_PRODUCTS_DIR; };
		12C8C6501DF6BABC009B82D6 /* inceptionTests.swift */ = {isa = PBXFileReference; lastKnownFileType = sourcecode.swift; path = inceptionTests.swift; sourceTree = "<group>"; };
		12C8C6521DF6BABC009B82D6 /* Info.plist */ = {isa = PBXFileReference; lastKnownFileType = text.plist.xml; path = Info.plist; sourceTree = "<group>"; };
		12C8C6571DF6BABC009B82D6 /* inceptionUITests.xctest */ = {isa = PBXFileReference; explicitFileType = wrapper.cfbundle; includeInIndex = 0; path = inceptionUITests.xctest; sourceTree = BUILT_PRODUCTS_DIR; };
		12C8C65B1DF6BABC009B82D6 /* inceptionUITests.swift */ = {isa = PBXFileReference; lastKnownFileType = sourcecode.swift; path = inceptionUITests.swift; sourceTree = "<group>"; };
		12C8C65D1DF6BABD009B82D6 /* Info.plist */ = {isa = PBXFileReference; lastKnownFileType = text.plist.xml; path = Info.plist; sourceTree = "<group>"; };
		12C8C66B1DF6BCD8009B82D6 /* inception-Bridging-Header.h */ = {isa = PBXFileReference; lastKnownFileType = sourcecode.c.h; path = "inception-Bridging-Header.h"; sourceTree = "<group>"; };
		12C8C66C1DF6BCD8009B82D6 /* AppDelegate.swift */ = {isa = PBXFileReference; fileEncoding = 4; lastKnownFileType = sourcecode.swift; path = AppDelegate.swift; sourceTree = "<group>"; };
		12C8C6751DF7E6BB009B82D6 /* ConstantsFile.swift */ = {isa = PBXFileReference; fileEncoding = 4; lastKnownFileType = sourcecode.swift; path = ConstantsFile.swift; sourceTree = "<group>"; };
		12C8C6931DF7E991009B82D6 /* Extensions.swift */ = {isa = PBXFileReference; fileEncoding = 4; lastKnownFileType = sourcecode.swift; path = Extensions.swift; sourceTree = "<group>"; };
		12C8C6941DF7E991009B82D6 /* LockArchive.swift */ = {isa = PBXFileReference; fileEncoding = 4; lastKnownFileType = sourcecode.swift; path = LockArchive.swift; sourceTree = "<group>"; };
		12C8C6951DF7E991009B82D6 /* LockCenter.swift */ = {isa = PBXFileReference; fileEncoding = 4; lastKnownFileType = sourcecode.swift; path = LockCenter.swift; sourceTree = "<group>"; };
		12C8C6961DF7E991009B82D6 /* LockConstants.swift */ = {isa = PBXFileReference; fileEncoding = 4; lastKnownFileType = sourcecode.swift; path = LockConstants.swift; sourceTree = "<group>"; };
		12C8C6971DF7E991009B82D6 /* LockController.swift */ = {isa = PBXFileReference; fileEncoding = 4; lastKnownFileType = sourcecode.swift; path = LockController.swift; sourceTree = "<group>"; };
		12C8C6981DF7E991009B82D6 /* LockDataSource.swift */ = {isa = PBXFileReference; fileEncoding = 4; lastKnownFileType = sourcecode.swift; path = LockDataSource.swift; sourceTree = "<group>"; };
		12C8C6991DF7E991009B82D6 /* LockDelegate.swift */ = {isa = PBXFileReference; fileEncoding = 4; lastKnownFileType = sourcecode.swift; path = LockDelegate.swift; sourceTree = "<group>"; };
		12C8C69A1DF7E991009B82D6 /* LockInfoView.swift */ = {isa = PBXFileReference; fileEncoding = 4; lastKnownFileType = sourcecode.swift; path = LockInfoView.swift; sourceTree = "<group>"; };
		12C8C69B1DF7E991009B82D6 /* LockItemView.swift */ = {isa = PBXFileReference; fileEncoding = 4; lastKnownFileType = sourcecode.swift; path = LockItemView.swift; sourceTree = "<group>"; };
		12C8C69C1DF7E991009B82D6 /* LockLabel.swift */ = {isa = PBXFileReference; fileEncoding = 4; lastKnownFileType = sourcecode.swift; path = LockLabel.swift; sourceTree = "<group>"; };
		12C8C69D1DF7E991009B82D6 /* LockMainNav.swift */ = {isa = PBXFileReference; fileEncoding = 4; lastKnownFileType = sourcecode.swift; path = LockMainNav.swift; sourceTree = "<group>"; };
		12C8C69E1DF7E991009B82D6 /* LockOptions.swift */ = {isa = PBXFileReference; fileEncoding = 4; lastKnownFileType = sourcecode.swift; path = LockOptions.swift; sourceTree = "<group>"; };
		12C8C69F1DF7E991009B82D6 /* LockView.swift */ = {isa = PBXFileReference; fileEncoding = 4; lastKnownFileType = sourcecode.swift; path = LockView.swift; sourceTree = "<group>"; };
		12C8C6AD1DF7F04C009B82D6 /* MainViewController.swift */ = {isa = PBXFileReference; fileEncoding = 4; lastKnownFileType = sourcecode.swift; path = MainViewController.swift; sourceTree = "<group>"; };
		12C8C6B21DF7F150009B82D6 /* DocumentViewController.swift */ = {isa = PBXFileReference; fileEncoding = 4; lastKnownFileType = sourcecode.swift; path = DocumentViewController.swift; sourceTree = "<group>"; };
		12C8C6B41DF7F16D009B82D6 /* PhotosViewController.swift */ = {isa = PBXFileReference; fileEncoding = 4; lastKnownFileType = sourcecode.swift; path = PhotosViewController.swift; sourceTree = "<group>"; };
		12C8C6B61DF7F179009B82D6 /* VideosViewController.swift */ = {isa = PBXFileReference; fileEncoding = 4; lastKnownFileType = sourcecode.swift; path = VideosViewController.swift; sourceTree = "<group>"; };
		12C8C6B81DF7F183009B82D6 /* SettingViewController.swift */ = {isa = PBXFileReference; fileEncoding = 4; lastKnownFileType = sourcecode.swift; path = SettingViewController.swift; sourceTree = "<group>"; };
		12C8C6BB1DF963FE009B82D6 /* LockSetViewController.swift */ = {isa = PBXFileReference; fileEncoding = 4; lastKnownFileType = sourcecode.swift; path = LockSetViewController.swift; sourceTree = "<group>"; };
		B9534D33599C85642287C406 /* Pods-inception.debug.xcconfig */ = {isa = PBXFileReference; includeInIndex = 1; lastKnownFileType = text.xcconfig; name = "Pods-inception.debug.xcconfig"; path = "Pods/Target Support Files/Pods-inception/Pods-inception.debug.xcconfig"; sourceTree = "<group>"; };
		CA7977F4524D7AE60F7A5757 /* Pods-inception.release.xcconfig */ = {isa = PBXFileReference; includeInIndex = 1; lastKnownFileType = text.xcconfig; name = "Pods-inception.release.xcconfig"; path = "Pods/Target Support Files/Pods-inception/Pods-inception.release.xcconfig"; sourceTree = "<group>"; };
		F1E41304F5A7A97BB9FACF51 /* Pods_inception.framework */ = {isa = PBXFileReference; explicitFileType = wrapper.framework; includeInIndex = 0; path = Pods_inception.framework; sourceTree = BUILT_PRODUCTS_DIR; };
/* End PBXFileReference section */

/* Begin PBXFrameworksBuildPhase section */
		12C8C6351DF6BABC009B82D6 /* Frameworks */ = {
			isa = PBXFrameworksBuildPhase;
			buildActionMask = 2147483647;
			files = (
				12B8179A1E1B8DA200FD2CC1 /* libsqlite3.tbd in Frameworks */,
				4DCC1B4BCBB907287F67F3C3 /* Pods_inception.framework in Frameworks */,
			);
			runOnlyForDeploymentPostprocessing = 0;
		};
		12C8C6491DF6BABC009B82D6 /* Frameworks */ = {
			isa = PBXFrameworksBuildPhase;
			buildActionMask = 2147483647;
			files = (
			);
			runOnlyForDeploymentPostprocessing = 0;
		};
		12C8C6541DF6BABC009B82D6 /* Frameworks */ = {
			isa = PBXFrameworksBuildPhase;
			buildActionMask = 2147483647;
			files = (
			);
			runOnlyForDeploymentPostprocessing = 0;
		};
/* End PBXFrameworksBuildPhase section */

/* Begin PBXGroup section */
		1212630A1E13A82000FEA347 /* Extensions */ = {
			isa = PBXGroup;
			children = (
				1212630B1E13A82000FEA347 /* ArrayExtensions.swift */,
				1212630C1E13A82000FEA347 /* CGFloatExtensions.swift */,
				1212630D1E13A82000FEA347 /* CGSizeExtensions.swift */,
				1212630E1E13A82000FEA347 /* CharacterExtensions.swift */,
				1212630F1E13A82000FEA347 /* ConvenienceExtensions.swift */,
				121263101E13A82000FEA347 /* DateExtensions.swift */,
				121263111E13A82000FEA347 /* DictionaryExtensions.swift */,
				121263121E13A82000FEA347 /* DoubleExtensions.swift */,
				121263131E13A82000FEA347 /* FloatExtensions.swift */,
				121263141E13A82000FEA347 /* IntExtensions.swift */,
				121263151E13A82000FEA347 /* StringExtensions.swift */,
				121263161E13A82000FEA347 /* UIAlertControllerExtensions.swift */,
				121263171E13A82000FEA347 /* UIButtonExtensions.swift */,
				121263181E13A82000FEA347 /* UIColorExtensions.swift */,
				121263191E13A82000FEA347 /* UIImageExtensions.swift */,
				1212631A1E13A82000FEA347 /* UIImageViewExtensions.swift */,
				1212631B1E13A82000FEA347 /* UILabelExtensions.swift */,
				1212631C1E13A82000FEA347 /* UINavigationBarExtensions.swift */,
				1212631D1E13A82000FEA347 /* UINavigationControllerExtensions.swift */,
				1212631E1E13A82000FEA347 /* UINavigationItemExtensions.swift */,
				1212631F1E13A82000FEA347 /* UISearchBarExtensions.swift */,
				121263201E13A82000FEA347 /* UISegmentedControlExtensions.swift */,
				121263211E13A82000FEA347 /* UISliderExtensions.swift */,
				121263221E13A82000FEA347 /* UITabBarExtensions.swift */,
				121263231E13A82000FEA347 /* UITableViewExtensions.swift */,
				121263241E13A82000FEA347 /* UITextFieldExtensions.swift */,
				121263251E13A82000FEA347 /* UITextViewExtensions.swift */,
				121263261E13A82000FEA347 /* UIViewControllerExtensions.swift */,
				121263271E13A82000FEA347 /* UIViewExtensions.swift */,
			);
			path = Extensions;
			sourceTree = "<group>";
		};
		12C8C62F1DF6BABC009B82D6 = {
			isa = PBXGroup;
			children = (
				12C8C63A1DF6BABC009B82D6 /* inception */,
				12C8C64F1DF6BABC009B82D6 /* inceptionTests */,
				12C8C65A1DF6BABC009B82D6 /* inceptionUITests */,
				12C8C6391DF6BABC009B82D6 /* Products */,
				5AD59E1ABC89A5592A492A39 /* Pods */,
				F9F146026DCEFBC1F4FE55BA /* Frameworks */,
			);
			sourceTree = "<group>";
		};
		12C8C6391DF6BABC009B82D6 /* Products */ = {
			isa = PBXGroup;
			children = (
				12C8C6381DF6BABC009B82D6 /* inception.app */,
				12C8C64C1DF6BABC009B82D6 /* inceptionTests.xctest */,
				12C8C6571DF6BABC009B82D6 /* inceptionUITests.xctest */,
			);
			name = Products;
			sourceTree = "<group>";
		};
		12C8C63A1DF6BABC009B82D6 /* inception */ = {
			isa = PBXGroup;
			children = (
				12C8C6691DF6BBF4009B82D6 /* App */,
				12C8C6731DF6BF7E009B82D6 /* Protocol */,
				12C8C6771DF7E907009B82D6 /* Modules */,
				12C8C66A1DF6BC7D009B82D6 /* Controllers */,
				12C8C6421DF6BABC009B82D6 /* Assets.xcassets */,
				12C8C6441DF6BABC009B82D6 /* LaunchScreen.storyboard */,
				12C8C6471DF6BABC009B82D6 /* Info.plist */,
			);
			path = inception;
			sourceTree = "<group>";
		};
		12C8C64F1DF6BABC009B82D6 /* inceptionTests */ = {
			isa = PBXGroup;
			children = (
				12C8C6501DF6BABC009B82D6 /* inceptionTests.swift */,
				12C8C6521DF6BABC009B82D6 /* Info.plist */,
			);
			path = inceptionTests;
			sourceTree = "<group>";
		};
		12C8C65A1DF6BABC009B82D6 /* inceptionUITests */ = {
			isa = PBXGroup;
			children = (
				12C8C65B1DF6BABC009B82D6 /* inceptionUITests.swift */,
				12C8C65D1DF6BABD009B82D6 /* Info.plist */,
			);
			path = inceptionUITests;
			sourceTree = "<group>";
		};
		12C8C6691DF6BBF4009B82D6 /* App */ = {
			isa = PBXGroup;
			children = (
				12C8C66C1DF6BCD8009B82D6 /* AppDelegate.swift */,
				12C8C66B1DF6BCD8009B82D6 /* inception-Bridging-Header.h */,
				12C8C6751DF7E6BB009B82D6 /* ConstantsFile.swift */,
			);
			path = App;
			sourceTree = "<group>";
		};
		12C8C66A1DF6BC7D009B82D6 /* Controllers */ = {
			isa = PBXGroup;
			children = (
				12C8C66E1DF6BD3A009B82D6 /* TabBar */,
				12C8C66F1DF6BD83009B82D6 /* Document */,
				12C8C6701DF6BD9F009B82D6 /* Photos */,
				12C8C6711DF6BDBB009B82D6 /* Videos */,
				12C8C6721DF6BDDA009B82D6 /* Setting */,
			);
			path = Controllers;
			sourceTree = "<group>";
		};
		12C8C66E1DF6BD3A009B82D6 /* TabBar */ = {
			isa = PBXGroup;
			children = (
				12C8C6AD1DF7F04C009B82D6 /* MainViewController.swift */,
				1245D7E11E0BBFA60000D01F /* ICNavigationController.swift */,
			);
			path = TabBar;
			sourceTree = "<group>";
		};
		12C8C66F1DF6BD83009B82D6 /* Document */ = {
			isa = PBXGroup;
			children = (
				12C8C6B21DF7F150009B82D6 /* DocumentViewController.swift */,
			);
			path = Document;
			sourceTree = "<group>";
		};
		12C8C6701DF6BD9F009B82D6 /* Photos */ = {
			isa = PBXGroup;
			children = (
				12C8C6B41DF7F16D009B82D6 /* PhotosViewController.swift */,
			);
			path = Photos;
			sourceTree = "<group>";
		};
		12C8C6711DF6BDBB009B82D6 /* Videos */ = {
			isa = PBXGroup;
			children = (
				12C8C6B61DF7F179009B82D6 /* VideosViewController.swift */,
			);
			path = Videos;
			sourceTree = "<group>";
		};
		12C8C6721DF6BDDA009B82D6 /* Setting */ = {
			isa = PBXGroup;
			children = (
				12C8C6BA1DF963F0009B82D6 /* LockSetting */,
				12C8C6B81DF7F183009B82D6 /* SettingViewController.swift */,
			);
			path = Setting;
			sourceTree = "<group>";
		};
		12C8C6731DF6BF7E009B82D6 /* Protocol */ = {
			isa = PBXGroup;
			children = (
				1212630A1E13A82000FEA347 /* Extensions */,
				1245D7E51E0BC7890000D01F /* UINavigationControllerExtension.swift */,
				121263451E1422BA00FEA347 /* InceViewExtension.swift */,
			);
			path = Protocol;
			sourceTree = "<group>";
		};
		12C8C6771DF7E907009B82D6 /* Modules */ = {
			isa = PBXGroup;
			children = (
				12C8C6781DF7E950009B82D6 /* LockGesture */,
			);
			path = Modules;
			sourceTree = "<group>";
		};
		12C8C6781DF7E950009B82D6 /* LockGesture */ = {
			isa = PBXGroup;
			children = (
				12C8C6931DF7E991009B82D6 /* Extensions.swift */,
				12C8C6941DF7E991009B82D6 /* LockArchive.swift */,
				12C8C6951DF7E991009B82D6 /* LockCenter.swift */,
				12C8C6961DF7E991009B82D6 /* LockConstants.swift */,
				12C8C6971DF7E991009B82D6 /* LockController.swift */,
				12C8C6981DF7E991009B82D6 /* LockDataSource.swift */,
				12C8C6991DF7E991009B82D6 /* LockDelegate.swift */,
				12C8C69A1DF7E991009B82D6 /* LockInfoView.swift */,
				12C8C69B1DF7E991009B82D6 /* LockItemView.swift */,
				12C8C69C1DF7E991009B82D6 /* LockLabel.swift */,
				12C8C69D1DF7E991009B82D6 /* LockMainNav.swift */,
				12C8C69E1DF7E991009B82D6 /* LockOptions.swift */,
				12C8C69F1DF7E991009B82D6 /* LockView.swift */,
			);
			path = LockGesture;
			sourceTree = "<group>";
		};
		12C8C6BA1DF963F0009B82D6 /* LockSetting */ = {
			isa = PBXGroup;
			children = (
				12C8C6BB1DF963FE009B82D6 /* LockSetViewController.swift */,
			);
			path = LockSetting;
			sourceTree = "<group>";
		};
		5AD59E1ABC89A5592A492A39 /* Pods */ = {
			isa = PBXGroup;
			children = (
				B9534D33599C85642287C406 /* Pods-inception.debug.xcconfig */,
				CA7977F4524D7AE60F7A5757 /* Pods-inception.release.xcconfig */,
			);
			name = Pods;
			sourceTree = "<group>";
		};
		F9F146026DCEFBC1F4FE55BA /* Frameworks */ = {
			isa = PBXGroup;
			children = (
				12B817991E1B8DA200FD2CC1 /* libsqlite3.tbd */,
				F1E41304F5A7A97BB9FACF51 /* Pods_inception.framework */,
			);
			name = Frameworks;
			sourceTree = "<group>";
		};
/* End PBXGroup section */

/* Begin PBXNativeTarget section */
		12C8C6371DF6BABC009B82D6 /* inception */ = {
			isa = PBXNativeTarget;
			buildConfigurationList = 12C8C6601DF6BABD009B82D6 /* Build configuration list for PBXNativeTarget "inception" */;
			buildPhases = (
				B0561F1376EB6CA1E843EB4F /* [CP] Check Pods Manifest.lock */,
				12C8C6341DF6BABC009B82D6 /* Sources */,
				12C8C6351DF6BABC009B82D6 /* Frameworks */,
				12C8C6361DF6BABC009B82D6 /* Resources */,
				079977F0D6193F788BBB850E /* [CP] Embed Pods Frameworks */,
				51451F77ABF891E1E4ACD783 /* [CP] Copy Pods Resources */,
			);
			buildRules = (
			);
			dependencies = (
			);
			name = inception;
			productName = inception;
			productReference = 12C8C6381DF6BABC009B82D6 /* inception.app */;
			productType = "com.apple.product-type.application";
		};
		12C8C64B1DF6BABC009B82D6 /* inceptionTests */ = {
			isa = PBXNativeTarget;
			buildConfigurationList = 12C8C6631DF6BABD009B82D6 /* Build configuration list for PBXNativeTarget "inceptionTests" */;
			buildPhases = (
				12C8C6481DF6BABC009B82D6 /* Sources */,
				12C8C6491DF6BABC009B82D6 /* Frameworks */,
				12C8C64A1DF6BABC009B82D6 /* Resources */,
			);
			buildRules = (
			);
			dependencies = (
				12C8C64E1DF6BABC009B82D6 /* PBXTargetDependency */,
			);
			name = inceptionTests;
			productName = inceptionTests;
			productReference = 12C8C64C1DF6BABC009B82D6 /* inceptionTests.xctest */;
			productType = "com.apple.product-type.bundle.unit-test";
		};
		12C8C6561DF6BABC009B82D6 /* inceptionUITests */ = {
			isa = PBXNativeTarget;
			buildConfigurationList = 12C8C6661DF6BABD009B82D6 /* Build configuration list for PBXNativeTarget "inceptionUITests" */;
			buildPhases = (
				12C8C6531DF6BABC009B82D6 /* Sources */,
				12C8C6541DF6BABC009B82D6 /* Frameworks */,
				12C8C6551DF6BABC009B82D6 /* Resources */,
			);
			buildRules = (
			);
			dependencies = (
				12C8C6591DF6BABC009B82D6 /* PBXTargetDependency */,
			);
			name = inceptionUITests;
			productName = inceptionUITests;
			productReference = 12C8C6571DF6BABC009B82D6 /* inceptionUITests.xctest */;
			productType = "com.apple.product-type.bundle.ui-testing";
		};
/* End PBXNativeTarget section */

/* Begin PBXProject section */
		12C8C6301DF6BABC009B82D6 /* Project object */ = {
			isa = PBXProject;
			attributes = {
				LastSwiftUpdateCheck = 0810;
				LastUpgradeCheck = 0810;
				ORGANIZATIONNAME = Faber;
				TargetAttributes = {
					12C8C6371DF6BABC009B82D6 = {
						CreatedOnToolsVersion = 8.1;
						DevelopmentTeam = 9KBX3YC8RP;
						LastSwiftMigration = 0810;
						ProvisioningStyle = Automatic;
					};
					12C8C64B1DF6BABC009B82D6 = {
						CreatedOnToolsVersion = 8.1;
						DevelopmentTeam = 9KBX3YC8RP;
						ProvisioningStyle = Automatic;
						TestTargetID = 12C8C6371DF6BABC009B82D6;
					};
					12C8C6561DF6BABC009B82D6 = {
						CreatedOnToolsVersion = 8.1;
						DevelopmentTeam = 9KBX3YC8RP;
						ProvisioningStyle = Automatic;
						TestTargetID = 12C8C6371DF6BABC009B82D6;
					};
				};
			};
			buildConfigurationList = 12C8C6331DF6BABC009B82D6 /* Build configuration list for PBXProject "inception" */;
			compatibilityVersion = "Xcode 3.2";
			developmentRegion = English;
			hasScannedForEncodings = 0;
			knownRegions = (
				en,
				Base,
			);
			mainGroup = 12C8C62F1DF6BABC009B82D6;
			productRefGroup = 12C8C6391DF6BABC009B82D6 /* Products */;
			projectDirPath = "";
			projectRoot = "";
			targets = (
				12C8C6371DF6BABC009B82D6 /* inception */,
				12C8C64B1DF6BABC009B82D6 /* inceptionTests */,
				12C8C6561DF6BABC009B82D6 /* inceptionUITests */,
			);
		};
/* End PBXProject section */

/* Begin PBXResourcesBuildPhase section */
		12C8C6361DF6BABC009B82D6 /* Resources */ = {
			isa = PBXResourcesBuildPhase;
			buildActionMask = 2147483647;
			files = (
				12C8C6461DF6BABC009B82D6 /* LaunchScreen.storyboard in Resources */,
				12C8C6431DF6BABC009B82D6 /* Assets.xcassets in Resources */,
			);
			runOnlyForDeploymentPostprocessing = 0;
		};
		12C8C64A1DF6BABC009B82D6 /* Resources */ = {
			isa = PBXResourcesBuildPhase;
			buildActionMask = 2147483647;
			files = (
			);
			runOnlyForDeploymentPostprocessing = 0;
		};
		12C8C6551DF6BABC009B82D6 /* Resources */ = {
			isa = PBXResourcesBuildPhase;
			buildActionMask = 2147483647;
			files = (
			);
			runOnlyForDeploymentPostprocessing = 0;
		};
/* End PBXResourcesBuildPhase section */

/* Begin PBXShellScriptBuildPhase section */
		079977F0D6193F788BBB850E /* [CP] Embed Pods Frameworks */ = {
			isa = PBXShellScriptBuildPhase;
			buildActionMask = 2147483647;
			files = (
			);
			inputPaths = (
			);
			name = "[CP] Embed Pods Frameworks";
			outputPaths = (
			);
			runOnlyForDeploymentPostprocessing = 0;
			shellPath = /bin/sh;
			shellScript = "\"${SRCROOT}/Pods/Target Support Files/Pods-inception/Pods-inception-frameworks.sh\"\n";
			showEnvVarsInLog = 0;
		};
		51451F77ABF891E1E4ACD783 /* [CP] Copy Pods Resources */ = {
			isa = PBXShellScriptBuildPhase;
			buildActionMask = 2147483647;
			files = (
			);
			inputPaths = (
			);
			name = "[CP] Copy Pods Resources";
			outputPaths = (
			);
			runOnlyForDeploymentPostprocessing = 0;
			shellPath = /bin/sh;
			shellScript = "\"${SRCROOT}/Pods/Target Support Files/Pods-inception/Pods-inception-resources.sh\"\n";
			showEnvVarsInLog = 0;
		};
		B0561F1376EB6CA1E843EB4F /* [CP] Check Pods Manifest.lock */ = {
			isa = PBXShellScriptBuildPhase;
			buildActionMask = 2147483647;
			files = (
			);
			inputPaths = (
			);
			name = "[CP] Check Pods Manifest.lock";
			outputPaths = (
			);
			runOnlyForDeploymentPostprocessing = 0;
			shellPath = /bin/sh;
			shellScript = "diff \"${PODS_ROOT}/../Podfile.lock\" \"${PODS_ROOT}/Manifest.lock\" > /dev/null\nif [ $? != 0 ] ; then\n    # print error to STDERR\n    echo \"error: The sandbox is not in sync with the Podfile.lock. Run 'pod install' or update your CocoaPods installation.\" >&2\n    exit 1\nfi\n";
			showEnvVarsInLog = 0;
		};
/* End PBXShellScriptBuildPhase section */

/* Begin PBXSourcesBuildPhase section */
		12C8C6341DF6BABC009B82D6 /* Sources */ = {
			isa = PBXSourcesBuildPhase;
			buildActionMask = 2147483647;
			files = (
				12C8C6A31DF7E991009B82D6 /* LockConstants.swift in Sources */,
				12C8C6AA1DF7E991009B82D6 /* LockMainNav.swift in Sources */,
				12C8C6A81DF7E991009B82D6 /* LockItemView.swift in Sources */,
				12C8C66D1DF6BCD8009B82D6 /* AppDelegate.swift in Sources */,
				121263311E13A82000FEA347 /* IntExtensions.swift in Sources */,
				12C8C6A41DF7E991009B82D6 /* LockController.swift in Sources */,
				121263281E13A82000FEA347 /* ArrayExtensions.swift in Sources */,
				12C8C6A51DF7E991009B82D6 /* LockDataSource.swift in Sources */,
				12C8C6A01DF7E991009B82D6 /* Extensions.swift in Sources */,
				12C8C6B71DF7F179009B82D6 /* VideosViewController.swift in Sources */,
				12C8C6AE1DF7F04C009B82D6 /* MainViewController.swift in Sources */,
				1212632D1E13A82000FEA347 /* DateExtensions.swift in Sources */,
				1212633F1E13A82000FEA347 /* UITabBarExtensions.swift in Sources */,
				12C8C6A61DF7E991009B82D6 /* LockDelegate.swift in Sources */,
				12C8C6B51DF7F16D009B82D6 /* PhotosViewController.swift in Sources */,
				121263431E13A82000FEA347 /* UIViewControllerExtensions.swift in Sources */,
				121263391E13A82000FEA347 /* UINavigationBarExtensions.swift in Sources */,
				1212632E1E13A82000FEA347 /* DictionaryExtensions.swift in Sources */,
				1212632B1E13A82000FEA347 /* CharacterExtensions.swift in Sources */,
				121263321E13A82000FEA347 /* StringExtensions.swift in Sources */,
				1212633C1E13A82000FEA347 /* UISearchBarExtensions.swift in Sources */,
				121263371E13A82000FEA347 /* UIImageViewExtensions.swift in Sources */,
				121263361E13A82000FEA347 /* UIImageExtensions.swift in Sources */,
				1245D7E21E0BBFA60000D01F /* ICNavigationController.swift in Sources */,
				1212633A1E13A82000FEA347 /* UINavigationControllerExtensions.swift in Sources */,
				12C8C6AC1DF7E991009B82D6 /* LockView.swift in Sources */,
				12C8C6A91DF7E991009B82D6 /* LockLabel.swift in Sources */,
				121263411E13A82000FEA347 /* UITextFieldExtensions.swift in Sources */,
				121263381E13A82000FEA347 /* UILabelExtensions.swift in Sources */,
				1212632A1E13A82000FEA347 /* CGSizeExtensions.swift in Sources */,
				121263331E13A82000FEA347 /* UIAlertControllerExtensions.swift in Sources */,
				12C8C6A21DF7E991009B82D6 /* LockCenter.swift in Sources */,
				1212632C1E13A82000FEA347 /* ConvenienceExtensions.swift in Sources */,
				121263441E13A82000FEA347 /* UIViewExtensions.swift in Sources */,
				121263351E13A82000FEA347 /* UIColorExtensions.swift in Sources */,
				12C8C6BC1DF963FE009B82D6 /* LockSetViewController.swift in Sources */,
				121263421E13A82000FEA347 /* UITextViewExtensions.swift in Sources */,
				1212633B1E13A82000FEA347 /* UINavigationItemExtensions.swift in Sources */,
				121263301E13A82000FEA347 /* FloatExtensions.swift in Sources */,
				12C8C6A71DF7E991009B82D6 /* LockInfoView.swift in Sources */,
				1212633D1E13A82000FEA347 /* UISegmentedControlExtensions.swift in Sources */,
				12C8C6B91DF7F183009B82D6 /* SettingViewController.swift in Sources */,
				1212633E1E13A82000FEA347 /* UISliderExtensions.swift in Sources */,
				121263291E13A82000FEA347 /* CGFloatExtensions.swift in Sources */,
				12C8C6761DF7E6BB009B82D6 /* ConstantsFile.swift in Sources */,
				121263401E13A82000FEA347 /* UITableViewExtensions.swift in Sources */,
				12C8C6B31DF7F150009B82D6 /* DocumentViewController.swift in Sources */,
				1212632F1E13A82000FEA347 /* DoubleExtensions.swift in Sources */,
				121263461E1422BA00FEA347 /* InceViewExtension.swift in Sources */,
				12C8C6A11DF7E991009B82D6 /* LockArchive.swift in Sources */,
				12C8C6AB1DF7E991009B82D6 /* LockOptions.swift in Sources */,
				121263341E13A82000FEA347 /* UIButtonExtensions.swift in Sources */,
				1245D7E61E0BC7890000D01F /* UINavigationControllerExtension.swift in Sources */,
			);
			runOnlyForDeploymentPostprocessing = 0;
		};
		12C8C6481DF6BABC009B82D6 /* Sources */ = {
			isa = PBXSourcesBuildPhase;
			buildActionMask = 2147483647;
			files = (
				12C8C6511DF6BABC009B82D6 /* inceptionTests.swift in Sources */,
			);
			runOnlyForDeploymentPostprocessing = 0;
		};
		12C8C6531DF6BABC009B82D6 /* Sources */ = {
			isa = PBXSourcesBuildPhase;
			buildActionMask = 2147483647;
			files = (
				12C8C65C1DF6BABC009B82D6 /* inceptionUITests.swift in Sources */,
			);
			runOnlyForDeploymentPostprocessing = 0;
		};
/* End PBXSourcesBuildPhase section */

/* Begin PBXTargetDependency section */
		12C8C64E1DF6BABC009B82D6 /* PBXTargetDependency */ = {
			isa = PBXTargetDependency;
			target = 12C8C6371DF6BABC009B82D6 /* inception */;
			targetProxy = 12C8C64D1DF6BABC009B82D6 /* PBXContainerItemProxy */;
		};
		12C8C6591DF6BABC009B82D6 /* PBXTargetDependency */ = {
			isa = PBXTargetDependency;
			target = 12C8C6371DF6BABC009B82D6 /* inception */;
			targetProxy = 12C8C6581DF6BABC009B82D6 /* PBXContainerItemProxy */;
		};
/* End PBXTargetDependency section */

/* Begin PBXVariantGroup section */
		12C8C6441DF6BABC009B82D6 /* LaunchScreen.storyboard */ = {
			isa = PBXVariantGroup;
			children = (
				12C8C6451DF6BABC009B82D6 /* Base */,
			);
			name = LaunchScreen.storyboard;
			sourceTree = "<group>";
		};
/* End PBXVariantGroup section */

/* Begin XCBuildConfiguration section */
		12C8C65E1DF6BABD009B82D6 /* Debug */ = {
			isa = XCBuildConfiguration;
			buildSettings = {
				ALWAYS_SEARCH_USER_PATHS = NO;
				CLANG_ANALYZER_NONNULL = YES;
				CLANG_CXX_LANGUAGE_STANDARD = "gnu++0x";
				CLANG_CXX_LIBRARY = "libc++";
				CLANG_ENABLE_MODULES = YES;
				CLANG_ENABLE_OBJC_ARC = YES;
				CLANG_WARN_BOOL_CONVERSION = YES;
				CLANG_WARN_CONSTANT_CONVERSION = YES;
				CLANG_WARN_DIRECT_OBJC_ISA_USAGE = YES_ERROR;
				CLANG_WARN_DOCUMENTATION_COMMENTS = YES;
				CLANG_WARN_EMPTY_BODY = YES;
				CLANG_WARN_ENUM_CONVERSION = YES;
				CLANG_WARN_INFINITE_RECURSION = YES;
				CLANG_WARN_INT_CONVERSION = YES;
				CLANG_WARN_OBJC_ROOT_CLASS = YES_ERROR;
				CLANG_WARN_SUSPICIOUS_MOVES = YES;
				CLANG_WARN_UNREACHABLE_CODE = YES;
				CLANG_WARN__DUPLICATE_METHOD_MATCH = YES;
				"CODE_SIGN_IDENTITY[sdk=iphoneos*]" = "iPhone Developer";
				COPY_PHASE_STRIP = NO;
				DEBUG_INFORMATION_FORMAT = dwarf;
				ENABLE_STRICT_OBJC_MSGSEND = YES;
				ENABLE_TESTABILITY = YES;
				GCC_C_LANGUAGE_STANDARD = gnu99;
				GCC_DYNAMIC_NO_PIC = NO;
				GCC_NO_COMMON_BLOCKS = YES;
				GCC_OPTIMIZATION_LEVEL = 0;
				GCC_PREPROCESSOR_DEFINITIONS = (
					"DEBUG=1",
					"$(inherited)",
				);
				GCC_WARN_64_TO_32_BIT_CONVERSION = YES;
				GCC_WARN_ABOUT_RETURN_TYPE = YES_ERROR;
				GCC_WARN_UNDECLARED_SELECTOR = YES;
				GCC_WARN_UNINITIALIZED_AUTOS = YES_AGGRESSIVE;
				GCC_WARN_UNUSED_FUNCTION = YES;
				GCC_WARN_UNUSED_VARIABLE = YES;
				IPHONEOS_DEPLOYMENT_TARGET = 10.1;
				MTL_ENABLE_DEBUG_INFO = YES;
				ONLY_ACTIVE_ARCH = YES;
				SDKROOT = iphoneos;
				SWIFT_ACTIVE_COMPILATION_CONDITIONS = DEBUG;
				SWIFT_OPTIMIZATION_LEVEL = "-Onone";
				TARGETED_DEVICE_FAMILY = "1,2";
			};
			name = Debug;
		};
		12C8C65F1DF6BABD009B82D6 /* Release */ = {
			isa = XCBuildConfiguration;
			buildSettings = {
				ALWAYS_SEARCH_USER_PATHS = NO;
				CLANG_ANALYZER_NONNULL = YES;
				CLANG_CXX_LANGUAGE_STANDARD = "gnu++0x";
				CLANG_CXX_LIBRARY = "libc++";
				CLANG_ENABLE_MODULES = YES;
				CLANG_ENABLE_OBJC_ARC = YES;
				CLANG_WARN_BOOL_CONVERSION = YES;
				CLANG_WARN_CONSTANT_CONVERSION = YES;
				CLANG_WARN_DIRECT_OBJC_ISA_USAGE = YES_ERROR;
				CLANG_WARN_DOCUMENTATION_COMMENTS = YES;
				CLANG_WARN_EMPTY_BODY = YES;
				CLANG_WARN_ENUM_CONVERSION = YES;
				CLANG_WARN_INFINITE_RECURSION = YES;
				CLANG_WARN_INT_CONVERSION = YES;
				CLANG_WARN_OBJC_ROOT_CLASS = YES_ERROR;
				CLANG_WARN_SUSPICIOUS_MOVES = YES;
				CLANG_WARN_UNREACHABLE_CODE = YES;
				CLANG_WARN__DUPLICATE_METHOD_MATCH = YES;
				"CODE_SIGN_IDENTITY[sdk=iphoneos*]" = "iPhone Developer";
				COPY_PHASE_STRIP = NO;
				DEBUG_INFORMATION_FORMAT = "dwarf-with-dsym";
				ENABLE_NS_ASSERTIONS = NO;
				ENABLE_STRICT_OBJC_MSGSEND = YES;
				GCC_C_LANGUAGE_STANDARD = gnu99;
				GCC_NO_COMMON_BLOCKS = YES;
				GCC_WARN_64_TO_32_BIT_CONVERSION = YES;
				GCC_WARN_ABOUT_RETURN_TYPE = YES_ERROR;
				GCC_WARN_UNDECLARED_SELECTOR = YES;
				GCC_WARN_UNINITIALIZED_AUTOS = YES_AGGRESSIVE;
				GCC_WARN_UNUSED_FUNCTION = YES;
				GCC_WARN_UNUSED_VARIABLE = YES;
				IPHONEOS_DEPLOYMENT_TARGET = 10.1;
				MTL_ENABLE_DEBUG_INFO = NO;
				SDKROOT = iphoneos;
				SWIFT_OPTIMIZATION_LEVEL = "-Owholemodule";
				TARGETED_DEVICE_FAMILY = "1,2";
				VALIDATE_PRODUCT = YES;
			};
			name = Release;
		};
		12C8C6611DF6BABD009B82D6 /* Debug */ = {
			isa = XCBuildConfiguration;
			baseConfigurationReference = B9534D33599C85642287C406 /* Pods-inception.debug.xcconfig */;
			buildSettings = {
				ASSETCATALOG_COMPILER_APPICON_NAME = AppIcon;
				CLANG_ENABLE_MODULES = YES;
				DEVELOPMENT_TEAM = 9KBX3YC8RP;
				INFOPLIST_FILE = inception/Info.plist;
				IPHONEOS_DEPLOYMENT_TARGET = 8.0;
				LD_RUNPATH_SEARCH_PATHS = "$(inherited) @executable_path/Frameworks";
				PRODUCT_BUNDLE_IDENTIFIER = com.icehulu.inception;
				PRODUCT_NAME = "$(TARGET_NAME)";
				SWIFT_OBJC_BRIDGING_HEADER = "inception/App/inception-Bridging-Header.h";
				SWIFT_OPTIMIZATION_LEVEL = "-Onone";
				SWIFT_VERSION = 3.0;
			};
			name = Debug;
		};
		12C8C6621DF6BABD009B82D6 /* Release */ = {
			isa = XCBuildConfiguration;
			baseConfigurationReference = CA7977F4524D7AE60F7A5757 /* Pods-inception.release.xcconfig */;
			buildSettings = {
				ASSETCATALOG_COMPILER_APPICON_NAME = AppIcon;
				CLANG_ENABLE_MODULES = YES;
				DEVELOPMENT_TEAM = 9KBX3YC8RP;
				INFOPLIST_FILE = inception/Info.plist;
				IPHONEOS_DEPLOYMENT_TARGET = 8.0;
				LD_RUNPATH_SEARCH_PATHS = "$(inherited) @executable_path/Frameworks";
				PRODUCT_BUNDLE_IDENTIFIER = com.icehulu.inception;
				PRODUCT_NAME = "$(TARGET_NAME)";
				SWIFT_OBJC_BRIDGING_HEADER = "inception/App/inception-Bridging-Header.h";
				SWIFT_VERSION = 3.0;
			};
			name = Release;
		};
		12C8C6641DF6BABD009B82D6 /* Debug */ = {
			isa = XCBuildConfiguration;
			buildSettings = {
				ALWAYS_EMBED_SWIFT_STANDARD_LIBRARIES = YES;
				BUNDLE_LOADER = "$(TEST_HOST)";
				DEVELOPMENT_TEAM = 9KBX3YC8RP;
				INFOPLIST_FILE = inceptionTests/Info.plist;
				LD_RUNPATH_SEARCH_PATHS = "$(inherited) @executable_path/Frameworks @loader_path/Frameworks";
				PRODUCT_BUNDLE_IDENTIFIER = com.icehulu.inceptionTests;
				PRODUCT_NAME = "$(TARGET_NAME)";
				SWIFT_VERSION = 3.0;
				TEST_HOST = "$(BUILT_PRODUCTS_DIR)/inception.app/inception";
			};
			name = Debug;
		};
		12C8C6651DF6BABD009B82D6 /* Release */ = {
			isa = XCBuildConfiguration;
			buildSettings = {
				ALWAYS_EMBED_SWIFT_STANDARD_LIBRARIES = YES;
				BUNDLE_LOADER = "$(TEST_HOST)";
				DEVELOPMENT_TEAM = 9KBX3YC8RP;
				INFOPLIST_FILE = inceptionTests/Info.plist;
				LD_RUNPATH_SEARCH_PATHS = "$(inherited) @executable_path/Frameworks @loader_path/Frameworks";
				PRODUCT_BUNDLE_IDENTIFIER = com.icehulu.inceptionTests;
				PRODUCT_NAME = "$(TARGET_NAME)";
				SWIFT_VERSION = 3.0;
				TEST_HOST = "$(BUILT_PRODUCTS_DIR)/inception.app/inception";
			};
			name = Release;
		};
		12C8C6671DF6BABD009B82D6 /* Debug */ = {
			isa = XCBuildConfiguration;
			buildSettings = {
				ALWAYS_EMBED_SWIFT_STANDARD_LIBRARIES = YES;
				DEVELOPMENT_TEAM = 9KBX3YC8RP;
				INFOPLIST_FILE = inceptionUITests/Info.plist;
				LD_RUNPATH_SEARCH_PATHS = "$(inherited) @executable_path/Frameworks @loader_path/Frameworks";
				PRODUCT_BUNDLE_IDENTIFIER = com.icehulu.inceptionUITests;
				PRODUCT_NAME = "$(TARGET_NAME)";
				SWIFT_VERSION = 3.0;
				TEST_TARGET_NAME = inception;
			};
			name = Debug;
		};
		12C8C6681DF6BABD009B82D6 /* Release */ = {
			isa = XCBuildConfiguration;
			buildSettings = {
				ALWAYS_EMBED_SWIFT_STANDARD_LIBRARIES = YES;
				DEVELOPMENT_TEAM = 9KBX3YC8RP;
				INFOPLIST_FILE = inceptionUITests/Info.plist;
				LD_RUNPATH_SEARCH_PATHS = "$(inherited) @executable_path/Frameworks @loader_path/Frameworks";
				PRODUCT_BUNDLE_IDENTIFIER = com.icehulu.inceptionUITests;
				PRODUCT_NAME = "$(TARGET_NAME)";
				SWIFT_VERSION = 3.0;
				TEST_TARGET_NAME = inception;
			};
			name = Release;
		};
/* End XCBuildConfiguration section */

/* Begin XCConfigurationList section */
		12C8C6331DF6BABC009B82D6 /* Build configuration list for PBXProject "inception" */ = {
			isa = XCConfigurationList;
			buildConfigurations = (
				12C8C65E1DF6BABD009B82D6 /* Debug */,
				12C8C65F1DF6BABD009B82D6 /* Release */,
			);
			defaultConfigurationIsVisible = 0;
			defaultConfigurationName = Release;
		};
		12C8C6601DF6BABD009B82D6 /* Build configuration list for PBXNativeTarget "inception" */ = {
			isa = XCConfigurationList;
			buildConfigurations = (
				12C8C6611DF6BABD009B82D6 /* Debug */,
				12C8C6621DF6BABD009B82D6 /* Release */,
			);
			defaultConfigurationIsVisible = 0;
			defaultConfigurationName = Release;
		};
		12C8C6631DF6BABD009B82D6 /* Build configuration list for PBXNativeTarget "inceptionTests" */ = {
			isa = XCConfigurationList;
			buildConfigurations = (
				12C8C6641DF6BABD009B82D6 /* Debug */,
				12C8C6651DF6BABD009B82D6 /* Release */,
			);
			defaultConfigurationIsVisible = 0;
			defaultConfigurationName = Release;
		};
		12C8C6661DF6BABD009B82D6 /* Build configuration list for PBXNativeTarget "inceptionUITests" */ = {
			isa = XCConfigurationList;
			buildConfigurations = (
				12C8C6671DF6BABD009B82D6 /* Debug */,
				12C8C6681DF6BABD009B82D6 /* Release */,
			);
			defaultConfigurationIsVisible = 0;
			defaultConfigurationName = Release;
		};
/* End XCConfigurationList section */
	};
	rootObject = 12C8C6301DF6BABC009B82D6 /* Project object */;
}
